dependencies:
- name: postgresql
  repository: https://charts.bitnami.com/bitnami
  version: 11.6.7
- name: redis
  repository: https://charts.bitnami.com/bitnami
  version: 17.11.3
digest: sha256:13b666143ea8f0fcc2b3480b2590311ff9a5009df2854572d005946eeeed98aa
generated: "2023-06-07T01:35:51.496388+03:00"
